
Microsoft Visual Studio Solution File, Format Version 12.00
# Visual Studio 15
Project("{FAE04EC0-301F-11D3-BF4B-00C04F79EFBC}") = "Assembly-CSharp", "Assembly-CSharp.csproj", "{81D00DFE-4DFC-BDE9-92A0-914AE0F99FE3}"
EndProject
Global
	GlobalSection(SolutionConfigurationPlatforms) = preSolution
		Debug|Any CPU = Debug|Any CPU
		Release|Any CPU = Release|Any CPU
	EndGlobalSection
	GlobalSection(ProjectConfigurationPlatforms) = postSolution
		{81D00DFE-4DFC-BDE9-92A0-914AE0F99FE3}.Debug|Any CPU.ActiveCfg = Debug|Any CPU
		{81D00DFE-4DFC-BDE9-92A0-914AE0F99FE3}.Debug|Any CPU.Build.0 = Debug|Any CPU
		{81D00DFE-4DFC-BDE9-92A0-914AE0F99FE3}.Release|Any CPU.ActiveCfg = Release|Any CPU
		{81D00DFE-4DFC-BDE9-92A0-914AE0F99FE3}.Release|Any CPU.Build.0 = Release|Any CPU
	EndGlobalSection
	GlobalSection(SolutionProperties) = preSolution
		HideSolutionNode = FALSE
	EndGlobalSection
EndGlobal
